NeoBundleLock colorizer 54504c53cb665c17ad89311e15649dc4651cb725
NeoBundleLock emmet-vim 1c46c5fb775606621906f0bedc8da8bc636c1dac
NeoBundleLock html5.vim 9bfa00bdb3fdca07c490b527e5e6ec6c4b017d3b
NeoBundleLock lightline.vim b967eefb9b7c3103a2f8885eb736876f0a0cdaa9
NeoBundleLock neobundle.vim f5ace1d749382ab5e5a22670d57c61303a927b72
NeoBundleLock neocomplcache.vim ffb43c82494638491406cba154a767efa947a904
NeoBundleLock neomru.vim 24f9185ca019f3b8f4896929c6bf5148f982f344
NeoBundleLock neosnippet 044c9cb8ca46a5e27eec37198990c26fe707b02a
NeoBundleLock nerdtree 3b98a7fcae8f9fff356907171f0406ff8cd28921
NeoBundleLock open-browser.vim a3d9bba498c610a2bb1029fd51a3ac3b6b144147
NeoBundleLock sass-compile.vim ef6b1cb63927b3d72329dfc098f4db668599fff0
NeoBundleLock search-parent.vim 2b1d7e0d0cc17ed175af6193d1fc0d9519d0850e
NeoBundleLock surround.vim 324a8735bb82193a1a413e207dc1aaf60f3a1d82
NeoBundleLock unite.vim e6ddf49ce4bda9db5e00252a5503a5eeb75f7027
NeoBundleLock vim-css3-syntax 2258f16c4264c6be175c51ae312581108d2ea228
NeoBundleLock vim-javascript 2d515b1cb8990205cb958559f235ab8487277cee
NeoBundleLock vimproc.vim 0f68bcd93399ecbcde3eaa4efd09107314c9bdee
